{
    "_readme": [
        "This file locks the dependencies of your project to a known state",
        "Read more about it at https://getcomposer.org/doc/01-basic-usage.md#composer-lock-the-lock-file",
        "This file is @generated automatically"
    ],
    "content-hash": "ba5e1c48f296de73b2b37af795ad8a39",
    "packages": [
        {
            "name": "bogdanpet/orthite-di",
            "version": "v1.0.0-stable",
            "source": {
                "type": "git",
                "url": "https://github.com/bogdanpet/orthite-di.git",
                "reference": "e96925557baeca50f7d101143140f1cd8d8a7191"
            },
            "dist": {
                "type": "zip",
                "url": "https://api.github.com/repos/bogdanpet/orthite-di/zipball/e96925557baeca50f7d101143140f1cd8d8a7191",
                "reference": "e96925557baeca50f7d101143140f1cd8d8a7191",
                "shasum": ""
            },
            "type": "package",
            "autoload": {
                "psr-4": {
                    "Orthite\\DI\\": "src/"
                }
            },
            "notification-url": "https://packagist.org/downloads/",
            "license": [
                "MIT"
            ],
            "authors": [
                {
                    "name": "Bogdan Petkovic",
                    "email": "bgdnptkvc@gmail.com"
                }
            ],
            "description": "Simple dependency injection container",
            "time": "2018-07-25T12:18:21+00:00"
        }
    ],
    "packages-dev": [],
    "aliases": [],
    "minimum-stability": "stable",
    "stability-flags": [],
    "prefer-stable": false,
    "prefer-lowest": false,
    "platform": [],
    "platform-dev": []
}
